schema: '2.0'
stages:
  load_data:
    cmd: python src/load_data.py --config=params.yaml
    deps:
    - path: data_given/winequality.csv
      md5: ccc8d3507eb151f53f760d36abdef888
      size: 91998
    - path: src/get_data.py
      md5: b3b3569d79ae90dbcdc38ac8ee3b314b
      size: 680
    - path: src/load_data.py
      md5: 2d8bf78d7806516c32907ca19a936054
      size: 677
    outs:
    - path: data/raw/winequality.csv
      md5: dcb9f7736a81b73cf4cf803b5ef3f07e
      size: 102550
  split_data:
    cmd: python src/split_data.py --config=params.yaml
    deps:
    - path: data/raw/winequality.csv
      md5: dcb9f7736a81b73cf4cf803b5ef3f07e
      size: 102550
    - path: src/split_data.py
      md5: 57800187bfa41da8934e2143859b60fb
      size: 1020
    outs:
    - path: data/processed/test_winequality.csv
      md5: 5787b15b8bb42aa53b817010d433f041
      size: 19422
    - path: data/processed/train_winequality.csv
      md5: e320178d92172ce1a1cbcbe92e6bdfa1
      size: 77345
  train_and_evaluate:
    cmd: python src/train_eval.py --config=params.yaml
    deps:
    - path: data/processed/test_winequality.csv
      md5: 5787b15b8bb42aa53b817010d433f041
      size: 19422
    - path: data/processed/train_winequality.csv
      md5: e320178d92172ce1a1cbcbe92e6bdfa1
      size: 77345
    - path: src/train_eval.py
      md5: 40749e74d1489452254b25463a848601
      size: 2610
    params:
      params.yaml:
        estimators.ElasticNet.params.alpha: 0.88
        estimators.ElasticNet.params.l1_ratio: 0.89
    outs:
    - path: reports/params.json
      md5: 0568f34313ba7c5e55128b75dbcbee5c
      size: 46
    - path: reports/scores.json
      md5: ac89e037063ee307b6d23c8ef0583610
      size: 100
    - path: saved_models/model.joblib
      md5: 2fac358e4abd259f5ff025f7a80b566f
      size: 730
